
Microsoft Visual Studio Solution File, Format Version 12.00
# Visual Studio Version 16
VisualStudioVersion = 16.0.31729.503
MinimumVisualStudioVersion = 10.0.40219.1
Project("{9A19103F-16F7-4668-BE54-9A1E7A4F7556}") = "Etcd.Microsoft.Extensions.Configuration", "Etcd.Microsoft.Extensions.Configuration\Etcd.Microsoft.Extensions.Configuration.csproj", "{114F8361-6334-4F0D-AC0B-265471C4E508}"
EndProject
Project("{2150E333-8FDC-42A3-9474-1A3956D46DE8}") = "Tests", "Tests", "{D642C321-C71F-4016-99D9-6FC44C2E89AF}"
EndProject
Project("{2150E333-8FDC-42A3-9474-1A3956D46DE8}") = "Unit", "Unit", "{A4257365-9F14-4D99-A389-B09536B78D06}"
EndProject
Project("{9A19103F-16F7-4668-BE54-9A1E7A4F7556}") = "Etcd.Microsoft.Extensions.Configuration.Tests", "..\tests\Unit\Etcd.Microsoft.Extensions.Configuration.Tests\Etcd.Microsoft.Extensions.Configuration.Tests.csproj", "{8DEF43FE-0E8B-4544-B515-230F55E42041}"
EndProject
Project("{FAE04EC0-301F-11D3-BF4B-00C04F79EFBC}") = "Etcd.Microsoft.Extensions.Configuration.IntegrationTests", "..\tests\Integration\Etcd.Microsoft.Extensions.Configuration.IntegrationTests\Etcd.Microsoft.Extensions.Configuration.IntegrationTests.csproj", "{35933B6F-D39E-420A-83DA-6DEAA5641A3C}"
EndProject
Project("{2150E333-8FDC-42A3-9474-1A3956D46DE8}") = "Integration", "Integration", "{52819380-DEA0-11EC-A4C3-E12872F27F80}"
EndProject
Global
	GlobalSection(SolutionConfigurationPlatforms) = preSolution
		Debug|Any CPU = Debug|Any CPU
		Release|Any CPU = Release|Any CPU
	EndGlobalSection
	GlobalSection(ProjectConfigurationPlatforms) = postSolution
		{114F8361-6334-4F0D-AC0B-265471C4E508}.Debug|Any CPU.ActiveCfg = Debug|Any CPU
		{114F8361-6334-4F0D-AC0B-265471C4E508}.Debug|Any CPU.Build.0 = Debug|Any CPU
		{114F8361-6334-4F0D-AC0B-265471C4E508}.Release|Any CPU.ActiveCfg = Release|Any CPU
		{114F8361-6334-4F0D-AC0B-265471C4E508}.Release|Any CPU.Build.0 = Release|Any CPU
		{8DEF43FE-0E8B-4544-B515-230F55E42041}.Debug|Any CPU.ActiveCfg = Debug|Any CPU
		{8DEF43FE-0E8B-4544-B515-230F55E42041}.Debug|Any CPU.Build.0 = Debug|Any CPU
		{8DEF43FE-0E8B-4544-B515-230F55E42041}.Release|Any CPU.ActiveCfg = Release|Any CPU
		{8DEF43FE-0E8B-4544-B515-230F55E42041}.Release|Any CPU.Build.0 = Release|Any CPU
		{35933B6F-D39E-420A-83DA-6DEAA5641A3C}.Debug|Any CPU.ActiveCfg = Debug|Any CPU
		{35933B6F-D39E-420A-83DA-6DEAA5641A3C}.Debug|Any CPU.Build.0 = Debug|Any CPU
		{35933B6F-D39E-420A-83DA-6DEAA5641A3C}.Release|Any CPU.ActiveCfg = Release|Any CPU
		{35933B6F-D39E-420A-83DA-6DEAA5641A3C}.Release|Any CPU.Build.0 = Release|Any CPU
	EndGlobalSection
	GlobalSection(SolutionProperties) = preSolution
		HideSolutionNode = FALSE
	EndGlobalSection
	GlobalSection(NestedProjects) = preSolution
		{52819380-DEA0-11EC-A4C3-E12872F27F80} = {D642C321-C71F-4016-99D9-6FC44C2E89AF}
		{35933B6F-D39E-420A-83DA-6DEAA5641A3C} = {52819380-DEA0-11EC-A4C3-E12872F27F80}
		{A4257365-9F14-4D99-A389-B09536B78D06} = {D642C321-C71F-4016-99D9-6FC44C2E89AF}
		{8DEF43FE-0E8B-4544-B515-230F55E42041} = {A4257365-9F14-4D99-A389-B09536B78D06}
	EndGlobalSection
	GlobalSection(ExtensibilityGlobals) = postSolution
		SolutionGuid = {17F020F3-70C0-4F38-A51C-215181562945}
	EndGlobalSection
EndGlobal
